
Microsoft Visual Studio Solution File, Format Version 12.00
# Visual Studio Version 17
VisualStudioVersion = 17.7.34031.279
MinimumVisualStudioVersion = 10.0.40219.1
Project("{FAE04EC0-301F-11D3-BF4B-00C04F79EFBC}") = "Lab3", "Lab3\Lab3.csproj", "{D8124CA0-9634-4B39-B5EF-375B67076DB5}"
EndProject
Project("{FAE04EC0-301F-11D3-BF4B-00C04F79EFBC}") = "WindowsFormsApp1", "WindowsFormsApp1\WindowsFormsApp1.csproj", "{A138AFDD-A86B-4975-A373-1CBD58CA98A1}"
EndProject
Global
	GlobalSection(SolutionConfigurationPlatforms) = preSolution
		Debug|Any CPU = Debug|Any CPU
		Release|Any CPU = Release|Any CPU
	EndGlobalSection
	GlobalSection(ProjectConfigurationPlatforms) = postSolution
		{D8124CA0-9634-4B39-B5EF-375B67076DB5}.Debug|Any CPU.ActiveCfg = Debug|Any CPU
		{D8124CA0-9634-4B39-B5EF-375B67076DB5}.Debug|Any CPU.Build.0 = Debug|Any CPU
		{D8124CA0-9634-4B39-B5EF-375B67076DB5}.Release|Any CPU.ActiveCfg = Release|Any CPU
		{D8124CA0-9634-4B39-B5EF-375B67076DB5}.Release|Any CPU.Build.0 = Release|Any CPU
		{A138AFDD-A86B-4975-A373-1CBD58CA98A1}.Debug|Any CPU.ActiveCfg = Debug|Any CPU
		{A138AFDD-A86B-4975-A373-1CBD58CA98A1}.Debug|Any CPU.Build.0 = Debug|Any CPU
		{A138AFDD-A86B-4975-A373-1CBD58CA98A1}.Release|Any CPU.ActiveCfg = Release|Any CPU
		{A138AFDD-A86B-4975-A373-1CBD58CA98A1}.Release|Any CPU.Build.0 = Release|Any CPU
	EndGlobalSection
	GlobalSection(SolutionProperties) = preSolution
		HideSolutionNode = FALSE
	EndGlobalSection
	GlobalSection(ExtensibilityGlobals) = postSolution
		SolutionGuid = {5FC98743-1CB2-4F53-A6EF-E111544B412A}
	EndGlobalSection
EndGlobal
